<?xml version="1.0" encoding="utf-8"?>
<Project ToolsVersion="4.0" xmlns="http://schemas.microsoft.com/developer/msbuild/2003">
  <ItemGroup>
    <ClCompile Include="Tokenizer.cpp">
      <Filter>Source Files</Filter>
    </ClCompile>
    <ClCompile Include="ActionsAndRules.cpp">
      <Filter>Source Files</Filter>
    </ClCompile>
    <ClCompile Include="ConfigureParser.cpp">
      <Filter>Source Files</Filter>
    </ClCompile>
    <ClCompile Include="FoldingRules.cpp">
      <Filter>Source Files</Filter>
    </ClCompile>
    <ClCompile Include="Parser.cpp">
      <Filter>Source Files</Filter>
    </ClCompile>
    <ClCompile Include="ScopeStack.cpp">
      <Filter>Source Files</Filter>
    </ClCompile>
    <ClCompile Include="SemiExpression.cpp">
      <Filter>Source Files</Filter>
    </ClCompile>
    <ClCompile Include="StringHelper.cpp">
      <Filter>Source Files</Filter>
    </ClCompile>
    <ClCompile Include="SymbolTable.cpp">
      <Filter>Source Files</Filter>
    </ClCompile>
    <ClCompile Include="TokenProcessor.cpp">
      <Filter>Source Files</Filter>
    </ClCompile>
  </ItemGroup>
  <ItemGroup>
    <ClInclude Include="ActionsAndRules.h">
      <Filter>Header Files</Filter>
    </ClInclude>
    <ClInclude Include="ConfigureParser.h">
      <Filter>Header Files</Filter>
    </ClInclude>
    <ClInclude Include="FoldingRules.h">
      <Filter>Header Files</Filter>
    </ClInclude>
    <ClInclude Include="itokcollection.h">
      <Filter>Header Files</Filter>
    </ClInclude>
    <ClInclude Include="Parser.h">
      <Filter>Header Files</Filter>
    </ClInclude>
    <ClInclude Include="ScopeStack.h">
      <Filter>Header Files</Filter>
    </ClInclude>
    <ClInclude Include="SemiExpression.h">
      <Filter>Header Files</Filter>
    </ClInclude>
    <ClInclude Include="StringHelper.h">
      <Filter>Header Files</Filter>
    </ClInclude>
    <ClInclude Include="SymbolTable.h">
      <Filter>Header Files</Filter>
    </ClInclude>
    <ClInclude Include="Tokenizer.h">
      <Filter>Header Files</Filter>
    </ClInclude>
    <ClInclude Include="TokenProcessor.h">
      <Filter>Header Files</Filter>
    </ClInclude>
  </ItemGroup>
  <ItemGroup>
    <Filter Include="Header Files">
      <UniqueIdentifier>{e257cb02-12e5-4f63-a7b3-f4c783619986}</UniqueIdentifier>
    </Filter>
    <Filter Include="Source Files">
      <UniqueIdentifier>{e9471583-ef50-4417-b315-1c828eed8453}</UniqueIdentifier>
    </Filter>
  </ItemGroup>
</Project>